
Microsoft Visual Studio Solution File, Format Version 12.00
# Visual Studio 15
VisualStudioVersion = 15.0.26228.4
MinimumVisualStudioVersion = 10.0.40219.1
Project("{9A19103F-16F7-4668-BE54-9A1E7A4F7556}") = "imageapp", "imageapp\imageapp.csproj", "{229CCB97-ECFA-46CC-97C0-71BFC42F5185}"
EndProject
Project("{9A19103F-16F7-4668-BE54-9A1E7A4F7556}") = "RedditCrawler", "RedditCrawler\RedditCrawler.csproj", "{802B6106-CF84-4F50-93D4-DC33779DA13A}"
EndProject
Project("{FAE04EC0-301F-11D3-BF4B-00C04F79EFBC}") = "MyImages", "MyImages\MyImages.csproj", "{ABD5D275-8644-4275-81FD-46645370659C}"
EndProject
Project("{FAE04EC0-301F-11D3-BF4B-00C04F79EFBC}") = "FlickrCrawler", "FlickrCrawler\FlickrCrawler.csproj", "{7F083E61-67AD-4409-A487-AB240FD61BA8}"
EndProject
Global
	GlobalSection(SolutionConfigurationPlatforms) = preSolution
		Debug|Any CPU = Debug|Any CPU
		Debug|x64 = Debug|x64
		Debug|x86 = Debug|x86
		Release|Any CPU = Release|Any CPU
		Release|x64 = Release|x64
		Release|x86 = Release|x86
	EndGlobalSection
	GlobalSection(ProjectConfigurationPlatforms) = postSolution
		{229CCB97-ECFA-46CC-97C0-71BFC42F5185}.Debug|Any CPU.ActiveCfg = Debug|Any CPU
		{229CCB97-ECFA-46CC-97C0-71BFC42F5185}.Debug|Any CPU.Build.0 = Debug|Any CPU
		{229CCB97-ECFA-46CC-97C0-71BFC42F5185}.Debug|x64.ActiveCfg = Debug|Any CPU
		{229CCB97-ECFA-46CC-97C0-71BFC42F5185}.Debug|x64.Build.0 = Debug|Any CPU
		{229CCB97-ECFA-46CC-97C0-71BFC42F5185}.Debug|x86.ActiveCfg = Debug|Any CPU
		{229CCB97-ECFA-46CC-97C0-71BFC42F5185}.Debug|x86.Build.0 = Debug|Any CPU
		{229CCB97-ECFA-46CC-97C0-71BFC42F5185}.Release|Any CPU.ActiveCfg = Release|Any CPU
		{229CCB97-ECFA-46CC-97C0-71BFC42F5185}.Release|Any CPU.Build.0 = Release|Any CPU
		{229CCB97-ECFA-46CC-97C0-71BFC42F5185}.Release|x64.ActiveCfg = Release|Any CPU
		{229CCB97-ECFA-46CC-97C0-71BFC42F5185}.Release|x64.Build.0 = Release|Any CPU
		{229CCB97-ECFA-46CC-97C0-71BFC42F5185}.Release|x86.ActiveCfg = Release|Any CPU
		{229CCB97-ECFA-46CC-97C0-71BFC42F5185}.Release|x86.Build.0 = Release|Any CPU
		{802B6106-CF84-4F50-93D4-DC33779DA13A}.Debug|Any CPU.ActiveCfg = Debug|Any CPU
		{802B6106-CF84-4F50-93D4-DC33779DA13A}.Debug|Any CPU.Build.0 = Debug|Any CPU
		{802B6106-CF84-4F50-93D4-DC33779DA13A}.Debug|x64.ActiveCfg = Debug|Any CPU
		{802B6106-CF84-4F50-93D4-DC33779DA13A}.Debug|x64.Build.0 = Debug|Any CPU
		{802B6106-CF84-4F50-93D4-DC33779DA13A}.Debug|x86.ActiveCfg = Debug|Any CPU
		{802B6106-CF84-4F50-93D4-DC33779DA13A}.Debug|x86.Build.0 = Debug|Any CPU
		{802B6106-CF84-4F50-93D4-DC33779DA13A}.Release|Any CPU.ActiveCfg = Release|Any CPU
		{802B6106-CF84-4F50-93D4-DC33779DA13A}.Release|Any CPU.Build.0 = Release|Any CPU
		{802B6106-CF84-4F50-93D4-DC33779DA13A}.Release|x64.ActiveCfg = Release|Any CPU
		{802B6106-CF84-4F50-93D4-DC33779DA13A}.Release|x64.Build.0 = Release|Any CPU
		{802B6106-CF84-4F50-93D4-DC33779DA13A}.Release|x86.ActiveCfg = Release|Any CPU
		{802B6106-CF84-4F50-93D4-DC33779DA13A}.Release|x86.Build.0 = Release|Any CPU
		{ABD5D275-8644-4275-81FD-46645370659C}.Debug|Any CPU.ActiveCfg = Debug|Any CPU
		{ABD5D275-8644-4275-81FD-46645370659C}.Debug|Any CPU.Build.0 = Debug|Any CPU
		{ABD5D275-8644-4275-81FD-46645370659C}.Debug|x64.ActiveCfg = Debug|Any CPU
		{ABD5D275-8644-4275-81FD-46645370659C}.Debug|x64.Build.0 = Debug|Any CPU
		{ABD5D275-8644-4275-81FD-46645370659C}.Debug|x86.ActiveCfg = Debug|Any CPU
		{ABD5D275-8644-4275-81FD-46645370659C}.Debug|x86.Build.0 = Debug|Any CPU
		{ABD5D275-8644-4275-81FD-46645370659C}.Release|Any CPU.ActiveCfg = Release|Any CPU
		{ABD5D275-8644-4275-81FD-46645370659C}.Release|Any CPU.Build.0 = Release|Any CPU
		{ABD5D275-8644-4275-81FD-46645370659C}.Release|x64.ActiveCfg = Release|Any CPU
		{ABD5D275-8644-4275-81FD-46645370659C}.Release|x64.Build.0 = Release|Any CPU
		{ABD5D275-8644-4275-81FD-46645370659C}.Release|x86.ActiveCfg = Release|Any CPU
		{ABD5D275-8644-4275-81FD-46645370659C}.Release|x86.Build.0 = Release|Any CPU
		{7F083E61-67AD-4409-A487-AB240FD61BA8}.Debug|Any CPU.ActiveCfg = Debug|Any CPU
		{7F083E61-67AD-4409-A487-AB240FD61BA8}.Debug|Any CPU.Build.0 = Debug|Any CPU
		{7F083E61-67AD-4409-A487-AB240FD61BA8}.Debug|x64.ActiveCfg = Debug|Any CPU
		{7F083E61-67AD-4409-A487-AB240FD61BA8}.Debug|x64.Build.0 = Debug|Any CPU
		{7F083E61-67AD-4409-A487-AB240FD61BA8}.Debug|x86.ActiveCfg = Debug|Any CPU
		{7F083E61-67AD-4409-A487-AB240FD61BA8}.Debug|x86.Build.0 = Debug|Any CPU
		{7F083E61-67AD-4409-A487-AB240FD61BA8}.Release|Any CPU.ActiveCfg = Release|Any CPU
		{7F083E61-67AD-4409-A487-AB240FD61BA8}.Release|Any CPU.Build.0 = Release|Any CPU
		{7F083E61-67AD-4409-A487-AB240FD61BA8}.Release|x64.ActiveCfg = Release|Any CPU
		{7F083E61-67AD-4409-A487-AB240FD61BA8}.Release|x64.Build.0 = Release|Any CPU
		{7F083E61-67AD-4409-A487-AB240FD61BA8}.Release|x86.ActiveCfg = Release|Any CPU
		{7F083E61-67AD-4409-A487-AB240FD61BA8}.Release|x86.Build.0 = Release|Any CPU
	EndGlobalSection
	GlobalSection(SolutionProperties) = preSolution
		HideSolutionNode = FALSE
	EndGlobalSection
EndGlobal
